
Microsoft Visual Studio Solution File, Format Version 12.00
# Visual Studio 15
VisualStudioVersion = 15.0.28307.329
MinimumVisualStudioVersion = 10.0.40219.1
Project("{FAE04EC0-301F-11D3-BF4B-00C04F79EFBC}") = "NeuralNetworkHelper", "NeuralNetworkHelper\NeuralNetworkHelper.csproj", "{488CCCD6-C9FC-41A2-BFE7-AD9D2EDCF463}"
EndProject
Global
	GlobalSection(SolutionConfigurationPlatforms) = preSolution
		Debug|Any CPU = Debug|Any CPU
		Release|Any CPU = Release|Any CPU
	EndGlobalSection
	GlobalSection(ProjectConfigurationPlatforms) = postSolution
		{488CCCD6-C9FC-41A2-BFE7-AD9D2EDCF463}.Debug|Any CPU.ActiveCfg = Debug|Any CPU
		{488CCCD6-C9FC-41A2-BFE7-AD9D2EDCF463}.Debug|Any CPU.Build.0 = Debug|Any CPU
		{488CCCD6-C9FC-41A2-BFE7-AD9D2EDCF463}.Release|Any CPU.ActiveCfg = Release|Any CPU
		{488CCCD6-C9FC-41A2-BFE7-AD9D2EDCF463}.Release|Any CPU.Build.0 = Release|Any CPU
	EndGlobalSection
	GlobalSection(SolutionProperties) = preSolution
		HideSolutionNode = FALSE
	EndGlobalSection
	GlobalSection(ExtensibilityGlobals) = postSolution
		SolutionGuid = {906B37D9-0476-483B-A678-70CC5D5BC960}
	EndGlobalSection
EndGlobal
